
Microsoft Visual Studio Solution File, Format Version 12.00
Project("{FAE04EC0-301F-11D3-BF4B-00C04F79EFBC}") = "SynCute.Common", "src\SynCute.Common\SynCute.Common.csproj", "{4BF46A30-020C-4E8C-85F3-D57B6567B2E6}"
EndProject
Project("{FAE04EC0-301F-11D3-BF4B-00C04F79EFBC}") = "SynCute.Client", "src\SynCute.Client\SynCute.Client.csproj", "{52458FB2-EFE7-45A3-B53B-42D0B203A0A5}"
EndProject
Project("{FAE04EC0-301F-11D3-BF4B-00C04F79EFBC}") = "SynCute.Server", "src\SynCute.Server\SynCute.Server.csproj", "{523E00F5-D05F-42D5-9BF7-9F0E2BA74559}"
EndProject
Project("{2150E333-8FDC-42A3-9474-1A3956D46DE8}") = "Tests", "Tests", "{BF815663-28D7-4B50-B6E4-36E72837CE3D}"
EndProject
Project("{FAE04EC0-301F-11D3-BF4B-00C04F79EFBC}") = "SynCute.Server.Core", "src\SynCute.Server.Core\SynCute.Server.Core.csproj", "{8D753B19-C115-46FA-8DE4-B57ED57F852C}"
EndProject
Project("{FAE04EC0-301F-11D3-BF4B-00C04F79EFBC}") = "SynCute.Client.Core", "src\SynCute.Client.Core\SynCute.Client.Core.csproj", "{FE11DEBB-8ACC-4118-9A71-1B51009B6D0F}"
EndProject
Project("{FAE04EC0-301F-11D3-BF4B-00C04F79EFBC}") = "SynCute.Common.Test", "tests\SynCute.Common.Test\SynCute.Common.Test.csproj", "{3C03CB48-37A6-4B33-8E5B-5538154BB677}"
EndProject
Project("{2150E333-8FDC-42A3-9474-1A3956D46DE8}") = "Client", "Client", "{3D4F77D8-200A-4EDA-A7A3-FD7A7E0165C0}"
EndProject
Project("{2150E333-8FDC-42A3-9474-1A3956D46DE8}") = "Server", "Server", "{EDC19D93-1A1A-4593-99EE-7C2A256CAFD4}"
EndProject
Project("{FAE04EC0-301F-11D3-BF4B-00C04F79EFBC}") = "SynCute.Server.Core.Test", "tests\SynCute.Server.Core.Test\SynCute.Server.Core.Test.csproj", "{71D04205-9E25-45ED-8FC2-1BCD6A9E6876}"
EndProject
Project("{FAE04EC0-301F-11D3-BF4B-00C04F79EFBC}") = "SynCute.Client.Core.Test", "tests\SynCute.Client.Core.Test\SynCute.Client.Core.Test.csproj", "{A771A9CC-1703-41E9-96F4-48E859719130}"
EndProject
Global
	GlobalSection(SolutionConfigurationPlatforms) = preSolution
		Debug|Any CPU = Debug|Any CPU
		Release|Any CPU = Release|Any CPU
	EndGlobalSection
	GlobalSection(ProjectConfigurationPlatforms) = postSolution
		{4BF46A30-020C-4E8C-85F3-D57B6567B2E6}.Debug|Any CPU.ActiveCfg = Debug|Any CPU
		{4BF46A30-020C-4E8C-85F3-D57B6567B2E6}.Debug|Any CPU.Build.0 = Debug|Any CPU
		{4BF46A30-020C-4E8C-85F3-D57B6567B2E6}.Release|Any CPU.ActiveCfg = Release|Any CPU
		{4BF46A30-020C-4E8C-85F3-D57B6567B2E6}.Release|Any CPU.Build.0 = Release|Any CPU
		{52458FB2-EFE7-45A3-B53B-42D0B203A0A5}.Debug|Any CPU.ActiveCfg = Debug|Any CPU
		{52458FB2-EFE7-45A3-B53B-42D0B203A0A5}.Debug|Any CPU.Build.0 = Debug|Any CPU
		{52458FB2-EFE7-45A3-B53B-42D0B203A0A5}.Release|Any CPU.ActiveCfg = Release|Any CPU
		{52458FB2-EFE7-45A3-B53B-42D0B203A0A5}.Release|Any CPU.Build.0 = Release|Any CPU
		{523E00F5-D05F-42D5-9BF7-9F0E2BA74559}.Debug|Any CPU.ActiveCfg = Debug|Any CPU
		{523E00F5-D05F-42D5-9BF7-9F0E2BA74559}.Debug|Any CPU.Build.0 = Debug|Any CPU
		{523E00F5-D05F-42D5-9BF7-9F0E2BA74559}.Release|Any CPU.ActiveCfg = Release|Any CPU
		{523E00F5-D05F-42D5-9BF7-9F0E2BA74559}.Release|Any CPU.Build.0 = Release|Any CPU
		{8D753B19-C115-46FA-8DE4-B57ED57F852C}.Debug|Any CPU.ActiveCfg = Debug|Any CPU
		{8D753B19-C115-46FA-8DE4-B57ED57F852C}.Debug|Any CPU.Build.0 = Debug|Any CPU
		{8D753B19-C115-46FA-8DE4-B57ED57F852C}.Release|Any CPU.ActiveCfg = Release|Any CPU
		{8D753B19-C115-46FA-8DE4-B57ED57F852C}.Release|Any CPU.Build.0 = Release|Any CPU
		{FE11DEBB-8ACC-4118-9A71-1B51009B6D0F}.Debug|Any CPU.ActiveCfg = Debug|Any CPU
		{FE11DEBB-8ACC-4118-9A71-1B51009B6D0F}.Debug|Any CPU.Build.0 = Debug|Any CPU
		{FE11DEBB-8ACC-4118-9A71-1B51009B6D0F}.Release|Any CPU.ActiveCfg = Release|Any CPU
		{FE11DEBB-8ACC-4118-9A71-1B51009B6D0F}.Release|Any CPU.Build.0 = Release|Any CPU
		{3C03CB48-37A6-4B33-8E5B-5538154BB677}.Debug|Any CPU.ActiveCfg = Debug|Any CPU
		{3C03CB48-37A6-4B33-8E5B-5538154BB677}.Debug|Any CPU.Build.0 = Debug|Any CPU
		{3C03CB48-37A6-4B33-8E5B-5538154BB677}.Release|Any CPU.ActiveCfg = Release|Any CPU
		{3C03CB48-37A6-4B33-8E5B-5538154BB677}.Release|Any CPU.Build.0 = Release|Any CPU
		{71D04205-9E25-45ED-8FC2-1BCD6A9E6876}.Debug|Any CPU.ActiveCfg = Debug|Any CPU
		{71D04205-9E25-45ED-8FC2-1BCD6A9E6876}.Debug|Any CPU.Build.0 = Debug|Any CPU
		{71D04205-9E25-45ED-8FC2-1BCD6A9E6876}.Release|Any CPU.ActiveCfg = Release|Any CPU
		{71D04205-9E25-45ED-8FC2-1BCD6A9E6876}.Release|Any CPU.Build.0 = Release|Any CPU
		{A771A9CC-1703-41E9-96F4-48E859719130}.Debug|Any CPU.ActiveCfg = Debug|Any CPU
		{A771A9CC-1703-41E9-96F4-48E859719130}.Debug|Any CPU.Build.0 = Debug|Any CPU
		{A771A9CC-1703-41E9-96F4-48E859719130}.Release|Any CPU.ActiveCfg = Release|Any CPU
		{A771A9CC-1703-41E9-96F4-48E859719130}.Release|Any CPU.Build.0 = Release|Any CPU
	EndGlobalSection
	GlobalSection(NestedProjects) = preSolution
		{3C03CB48-37A6-4B33-8E5B-5538154BB677} = {BF815663-28D7-4B50-B6E4-36E72837CE3D}
		{52458FB2-EFE7-45A3-B53B-42D0B203A0A5} = {3D4F77D8-200A-4EDA-A7A3-FD7A7E0165C0}
		{FE11DEBB-8ACC-4118-9A71-1B51009B6D0F} = {3D4F77D8-200A-4EDA-A7A3-FD7A7E0165C0}
		{523E00F5-D05F-42D5-9BF7-9F0E2BA74559} = {EDC19D93-1A1A-4593-99EE-7C2A256CAFD4}
		{8D753B19-C115-46FA-8DE4-B57ED57F852C} = {EDC19D93-1A1A-4593-99EE-7C2A256CAFD4}
		{71D04205-9E25-45ED-8FC2-1BCD6A9E6876} = {BF815663-28D7-4B50-B6E4-36E72837CE3D}
		{A771A9CC-1703-41E9-96F4-48E859719130} = {BF815663-28D7-4B50-B6E4-36E72837CE3D}
	EndGlobalSection
EndGlobal
